
Microsoft Visual Studio Solution File, Format Version 12.00
# Visual Studio Version 16
VisualStudioVersion = 16.0.31424.327
MinimumVisualStudioVersion = 10.0.40219.1
Project("{FAE04EC0-301F-11D3-BF4B-00C04F79EFBC}") = "RSSFeed", "RSSFeed\RSSFeed.csproj", "{F81D1ECC-658F-4148-8FAB-1ED69E788860}"
EndProject
Project("{FAE04EC0-301F-11D3-BF4B-00C04F79EFBC}") = "RSSFeedReaderTests", "RSSFeedReader.Tests\RSSFeedReaderTests.csproj", "{4D86BFDB-62A7-4512-8D8B-2E4650E0E4C7}"
EndProject
Global
	GlobalSection(SolutionConfigurationPlatforms) = preSolution
		Debug|Any CPU = Debug|Any CPU
		Release|Any CPU = Release|Any CPU
	EndGlobalSection
	GlobalSection(ProjectConfigurationPlatforms) = postSolution
		{F81D1ECC-658F-4148-8FAB-1ED69E788860}.Debug|Any CPU.ActiveCfg = Debug|Any CPU
		{F81D1ECC-658F-4148-8FAB-1ED69E788860}.Debug|Any CPU.Build.0 = Debug|Any CPU
		{F81D1ECC-658F-4148-8FAB-1ED69E788860}.Release|Any CPU.ActiveCfg = Release|Any CPU
		{F81D1ECC-658F-4148-8FAB-1ED69E788860}.Release|Any CPU.Build.0 = Release|Any CPU
		{4D86BFDB-62A7-4512-8D8B-2E4650E0E4C7}.Debug|Any CPU.ActiveCfg = Debug|Any CPU
		{4D86BFDB-62A7-4512-8D8B-2E4650E0E4C7}.Debug|Any CPU.Build.0 = Debug|Any CPU
		{4D86BFDB-62A7-4512-8D8B-2E4650E0E4C7}.Release|Any CPU.ActiveCfg = Release|Any CPU
		{4D86BFDB-62A7-4512-8D8B-2E4650E0E4C7}.Release|Any CPU.Build.0 = Release|Any CPU
	EndGlobalSection
	GlobalSection(SolutionProperties) = preSolution
		HideSolutionNode = FALSE
	EndGlobalSection
	GlobalSection(ExtensibilityGlobals) = postSolution
		SolutionGuid = {57715A80-AB36-408A-BC29-DA43A806F846}
	EndGlobalSection
EndGlobal
